
Microsoft Visual Studio Solution File, Format Version 12.00
# Visual Studio Version 17
VisualStudioVersion = 17.7.34202.233
MinimumVisualStudioVersion = 10.0.40219.1
Project("{FAE04EC0-301F-11D3-BF4B-00C04F79EFBC}") = "BukkMaraton2019", "BukkMaraton2019\BukkMaraton2019.csproj", "{537D0126-7FFC-48DD-9373-4A53FB0CFA31}"
EndProject
Global
	GlobalSection(SolutionConfigurationPlatforms) = preSolution
		Debug|Any CPU = Debug|Any CPU
		Release|Any CPU = Release|Any CPU
	EndGlobalSection
	GlobalSection(ProjectConfigurationPlatforms) = postSolution
		{537D0126-7FFC-48DD-9373-4A53FB0CFA31}.Debug|Any CPU.ActiveCfg = Debug|Any CPU
		{537D0126-7FFC-48DD-9373-4A53FB0CFA31}.Debug|Any CPU.Build.0 = Debug|Any CPU
		{537D0126-7FFC-48DD-9373-4A53FB0CFA31}.Release|Any CPU.ActiveCfg = Release|Any CPU
		{537D0126-7FFC-48DD-9373-4A53FB0CFA31}.Release|Any CPU.Build.0 = Release|Any CPU
	EndGlobalSection
	GlobalSection(SolutionProperties) = preSolution
		HideSolutionNode = FALSE
	EndGlobalSection
	GlobalSection(ExtensibilityGlobals) = postSolution
		SolutionGuid = {EBF4AE24-3050-4911-93C4-20B1A5D91117}
	EndGlobalSection
EndGlobal
