
Microsoft Visual Studio Solution File, Format Version 12.00
# Visual Studio Version 17
VisualStudioVersion = 17.7.34202.233
MinimumVisualStudioVersion = 10.0.40219.1
Project("{FAE04EC0-301F-11D3-BF4B-00C04F79EFBC}") = "BukkMaraton2019GUI", "BukkMaraton2019GUI\BukkMaraton2019GUI.csproj", "{73842DAD-1F81-4796-A240-913BD1A84DA4}"
EndProject
Global
	GlobalSection(SolutionConfigurationPlatforms) = preSolution
		Debug|Any CPU = Debug|Any CPU
		Release|Any CPU = Release|Any CPU
	EndGlobalSection
	GlobalSection(ProjectConfigurationPlatforms) = postSolution
		{73842DAD-1F81-4796-A240-913BD1A84DA4}.Debug|Any CPU.ActiveCfg = Debug|Any CPU
		{73842DAD-1F81-4796-A240-913BD1A84DA4}.Debug|Any CPU.Build.0 = Debug|Any CPU
		{73842DAD-1F81-4796-A240-913BD1A84DA4}.Debug|Any CPU.Deploy.0 = Debug|Any CPU
		{73842DAD-1F81-4796-A240-913BD1A84DA4}.Release|Any CPU.ActiveCfg = Release|Any CPU
		{73842DAD-1F81-4796-A240-913BD1A84DA4}.Release|Any CPU.Build.0 = Release|Any CPU
		{73842DAD-1F81-4796-A240-913BD1A84DA4}.Release|Any CPU.Deploy.0 = Release|Any CPU
	EndGlobalSection
	GlobalSection(SolutionProperties) = preSolution
		HideSolutionNode = FALSE
	EndGlobalSection
	GlobalSection(ExtensibilityGlobals) = postSolution
		SolutionGuid = {0B47B661-04BB-4081-998D-00D8856DDD8E}
	EndGlobalSection
EndGlobal
